
Microsoft Visual Studio Solution File, Format Version 12.00
# Visual Studio Version 17
VisualStudioVersion = 17.0.31903.59
MinimumVisualStudioVersion = 10.0.40219.1
Project("{2150E333-8FDC-42A3-9474-1A3956D46DE8}") = "backend", "backend", "{1AE8ACA6-933B-BF2A-3671-3E2EAC007D16}"
EndProject
Project("{2150E333-8FDC-42A3-9474-1A3956D46DE8}") = "src", "src", "{0F9113EE-888A-26D2-68B0-4A7D0A2A8745}"
EndProject
Project("{FAE04EC0-301F-11D3-BF4B-00C04F79EFBC}") = "backend", "backend\src\backend.csproj", "{A9900BF3-848C-4ECD-83DA-D4B79FA32281}"
EndProject
Project("{FAE04EC0-301F-11D3-BF4B-00C04F79EFBC}") = "shared", "backend\shared\shared.csproj", "{BF79A602-DCBF-408E-87CD-581BB03CFDEF}"
EndProject
Project("{2150E333-8FDC-42A3-9474-1A3956D46DE8}") = "databaseseeding", "databaseseeding", "{339019B1-29D6-2577-AC80-2AE897CA0873}"
EndProject
Project("{FAE04EC0-301F-11D3-BF4B-00C04F79EFBC}") = "database-seeding", "backend\databaseseeding\database-seeding.csproj", "{C77E07DD-B2F3-4438-ABE7-5ED821A80ECA}"
EndProject
Project("{2150E333-8FDC-42A3-9474-1A3956D46DE8}") = "Shared", "Shared", "{B9B6650B-7025-C9C0-BCFD-BDEDF1640D80}"
EndProject
Project("{2150E333-8FDC-42A3-9474-1A3956D46DE8}") = "tests", "tests", "{F57642F3-C37C-D174-720E-6A6AAD5BEE22}"
EndProject
Project("{FAE04EC0-301F-11D3-BF4B-00C04F79EFBC}") = "integrationtests", "backend\tests\integrationtests\integrationtests.csproj", "{B32288C3-27AA-4005-9756-3067C204C613}"
EndProject
Global
	GlobalSection(SolutionConfigurationPlatforms) = preSolution
		Debug|Any CPU = Debug|Any CPU
		Debug|x64 = Debug|x64
		Debug|x86 = Debug|x86
		Release|Any CPU = Release|Any CPU
		Release|x64 = Release|x64
		Release|x86 = Release|x86
	EndGlobalSection
	GlobalSection(ProjectConfigurationPlatforms) = postSolution
		{A9900BF3-848C-4ECD-83DA-D4B79FA32281}.Debug|Any CPU.ActiveCfg = Debug|Any CPU
		{A9900BF3-848C-4ECD-83DA-D4B79FA32281}.Debug|Any CPU.Build.0 = Debug|Any CPU
		{A9900BF3-848C-4ECD-83DA-D4B79FA32281}.Debug|x64.ActiveCfg = Debug|Any CPU
		{A9900BF3-848C-4ECD-83DA-D4B79FA32281}.Debug|x64.Build.0 = Debug|Any CPU
		{A9900BF3-848C-4ECD-83DA-D4B79FA32281}.Debug|x86.ActiveCfg = Debug|Any CPU
		{A9900BF3-848C-4ECD-83DA-D4B79FA32281}.Debug|x86.Build.0 = Debug|Any CPU
		{A9900BF3-848C-4ECD-83DA-D4B79FA32281}.Release|Any CPU.ActiveCfg = Release|Any CPU
		{A9900BF3-848C-4ECD-83DA-D4B79FA32281}.Release|Any CPU.Build.0 = Release|Any CPU
		{A9900BF3-848C-4ECD-83DA-D4B79FA32281}.Release|x64.ActiveCfg = Release|Any CPU
		{A9900BF3-848C-4ECD-83DA-D4B79FA32281}.Release|x64.Build.0 = Release|Any CPU
		{A9900BF3-848C-4ECD-83DA-D4B79FA32281}.Release|x86.ActiveCfg = Release|Any CPU
		{A9900BF3-848C-4ECD-83DA-D4B79FA32281}.Release|x86.Build.0 = Release|Any CPU
		{BF79A602-DCBF-408E-87CD-581BB03CFDEF}.Debug|Any CPU.ActiveCfg = Debug|Any CPU
		{BF79A602-DCBF-408E-87CD-581BB03CFDEF}.Debug|Any CPU.Build.0 = Debug|Any CPU
		{BF79A602-DCBF-408E-87CD-581BB03CFDEF}.Debug|x64.ActiveCfg = Debug|Any CPU
		{BF79A602-DCBF-408E-87CD-581BB03CFDEF}.Debug|x64.Build.0 = Debug|Any CPU
		{BF79A602-DCBF-408E-87CD-581BB03CFDEF}.Debug|x86.ActiveCfg = Debug|Any CPU
		{BF79A602-DCBF-408E-87CD-581BB03CFDEF}.Debug|x86.Build.0 = Debug|Any CPU
		{BF79A602-DCBF-408E-87CD-581BB03CFDEF}.Release|Any CPU.ActiveCfg = Release|Any CPU
		{BF79A602-DCBF-408E-87CD-581BB03CFDEF}.Release|Any CPU.Build.0 = Release|Any CPU
		{BF79A602-DCBF-408E-87CD-581BB03CFDEF}.Release|x64.ActiveCfg = Release|Any CPU
		{BF79A602-DCBF-408E-87CD-581BB03CFDEF}.Release|x64.Build.0 = Release|Any CPU
		{BF79A602-DCBF-408E-87CD-581BB03CFDEF}.Release|x86.ActiveCfg = Release|Any CPU
		{BF79A602-DCBF-408E-87CD-581BB03CFDEF}.Release|x86.Build.0 = Release|Any CPU
		{C77E07DD-B2F3-4438-ABE7-5ED821A80ECA}.Debug|Any CPU.ActiveCfg = Debug|Any CPU
		{C77E07DD-B2F3-4438-ABE7-5ED821A80ECA}.Debug|Any CPU.Build.0 = Debug|Any CPU
		{C77E07DD-B2F3-4438-ABE7-5ED821A80ECA}.Debug|x64.ActiveCfg = Debug|Any CPU
		{C77E07DD-B2F3-4438-ABE7-5ED821A80ECA}.Debug|x64.Build.0 = Debug|Any CPU
		{C77E07DD-B2F3-4438-ABE7-5ED821A80ECA}.Debug|x86.ActiveCfg = Debug|Any CPU
		{C77E07DD-B2F3-4438-ABE7-5ED821A80ECA}.Debug|x86.Build.0 = Debug|Any CPU
		{C77E07DD-B2F3-4438-ABE7-5ED821A80ECA}.Release|Any CPU.ActiveCfg = Release|Any CPU
		{C77E07DD-B2F3-4438-ABE7-5ED821A80ECA}.Release|Any CPU.Build.0 = Release|Any CPU
		{C77E07DD-B2F3-4438-ABE7-5ED821A80ECA}.Release|x64.ActiveCfg = Release|Any CPU
		{C77E07DD-B2F3-4438-ABE7-5ED821A80ECA}.Release|x64.Build.0 = Release|Any CPU
		{C77E07DD-B2F3-4438-ABE7-5ED821A80ECA}.Release|x86.ActiveCfg = Release|Any CPU
		{C77E07DD-B2F3-4438-ABE7-5ED821A80ECA}.Release|x86.Build.0 = Release|Any CPU
		{B32288C3-27AA-4005-9756-3067C204C613}.Debug|Any CPU.ActiveCfg = Debug|Any CPU
		{B32288C3-27AA-4005-9756-3067C204C613}.Debug|Any CPU.Build.0 = Debug|Any CPU
		{B32288C3-27AA-4005-9756-3067C204C613}.Debug|x64.ActiveCfg = Debug|Any CPU
		{B32288C3-27AA-4005-9756-3067C204C613}.Debug|x64.Build.0 = Debug|Any CPU
		{B32288C3-27AA-4005-9756-3067C204C613}.Debug|x86.ActiveCfg = Debug|Any CPU
		{B32288C3-27AA-4005-9756-3067C204C613}.Debug|x86.Build.0 = Debug|Any CPU
		{B32288C3-27AA-4005-9756-3067C204C613}.Release|Any CPU.ActiveCfg = Release|Any CPU
		{B32288C3-27AA-4005-9756-3067C204C613}.Release|Any CPU.Build.0 = Release|Any CPU
		{B32288C3-27AA-4005-9756-3067C204C613}.Release|x64.ActiveCfg = Release|Any CPU
		{B32288C3-27AA-4005-9756-3067C204C613}.Release|x64.Build.0 = Release|Any CPU
		{B32288C3-27AA-4005-9756-3067C204C613}.Release|x86.ActiveCfg = Release|Any CPU
		{B32288C3-27AA-4005-9756-3067C204C613}.Release|x86.Build.0 = Release|Any CPU
	EndGlobalSection
	GlobalSection(SolutionProperties) = preSolution
		HideSolutionNode = FALSE
	EndGlobalSection
	GlobalSection(NestedProjects) = preSolution
		{0F9113EE-888A-26D2-68B0-4A7D0A2A8745} = {1AE8ACA6-933B-BF2A-3671-3E2EAC007D16}
		{A9900BF3-848C-4ECD-83DA-D4B79FA32281} = {0F9113EE-888A-26D2-68B0-4A7D0A2A8745}
		{BF79A602-DCBF-408E-87CD-581BB03CFDEF} = {1AE8ACA6-933B-BF2A-3671-3E2EAC007D16}
		{339019B1-29D6-2577-AC80-2AE897CA0873} = {1AE8ACA6-933B-BF2A-3671-3E2EAC007D16}
		{C77E07DD-B2F3-4438-ABE7-5ED821A80ECA} = {339019B1-29D6-2577-AC80-2AE897CA0873}
		{B9B6650B-7025-C9C0-BCFD-BDEDF1640D80} = {1AE8ACA6-933B-BF2A-3671-3E2EAC007D16}
		{F57642F3-C37C-D174-720E-6A6AAD5BEE22} = {1AE8ACA6-933B-BF2A-3671-3E2EAC007D16}
		{B32288C3-27AA-4005-9756-3067C204C613} = {F57642F3-C37C-D174-720E-6A6AAD5BEE22}
	EndGlobalSection
EndGlobal
