Microsoft Visual Studio Solution File, Format Version 12.00
# Visual Studio Version 17
VisualStudioVersion = 17.5.2.0
MinimumVisualStudioVersion = 10.0.40219.1
Project("{2150E333-8FDC-42A3-9474-1A3956D46DE8}") = "backend", "backend", "{1AE8ACA6-933B-BF2A-3671-3E2EAC007D16}"
EndProject
Project("{2150E333-8FDC-42A3-9474-1A3956D46DE8}") = "DatabaseSeeding", "DatabaseSeeding", "{339019B1-29D6-2577-AC80-2AE897CA0873}"
EndProject
Project("{FAE04EC0-301F-11D3-BF4B-00C04F79EFBC}") = "database-seeding", "backend\DatabaseSeeding\database-seeding.csproj", "{27DF830D-2C8C-8531-DA49-6919A67A0BC0}"
EndProject
Project("{FAE04EC0-301F-11D3-BF4B-00C04F79EFBC}") = "shared", "backend\Shared\shared.csproj", "{8201B717-1D5B-63B2-7878-1132C95D9E40}"
EndProject
Project("{2150E333-8FDC-42A3-9474-1A3956D46DE8}") = "Src", "Src", "{0F9113EE-888A-26D2-68B0-4A7D0A2A8745}"
EndProject
Project("{FAE04EC0-301F-11D3-BF4B-00C04F79EFBC}") = "backend", "backend\Src\backend.csproj", "{2200E961-CE45-590B-4CBD-389A0BD654A3}"
EndProject
Project("{2150E333-8FDC-42A3-9474-1A3956D46DE8}") = "Tests", "Tests", "{F57642F3-C37C-D174-720E-6A6AAD5BEE22}"
EndProject
Project("{FAE04EC0-301F-11D3-BF4B-00C04F79EFBC}") = "backend.IntegrationTests", "backend\Tests\backend.IntegrationTests\backend.IntegrationTests.csproj", "{7E2C115F-DF96-207F-A442-5CC17A1D4368}"
EndProject
Global
	GlobalSection(SolutionConfigurationPlatforms) = preSolution
		Debug|Any CPU = Debug|Any CPU
		Release|Any CPU = Release|Any CPU
	EndGlobalSection
	GlobalSection(ProjectConfigurationPlatforms) = postSolution
		{27DF830D-2C8C-8531-DA49-6919A67A0BC0}.Debug|Any CPU.ActiveCfg = Debug|Any CPU
		{27DF830D-2C8C-8531-DA49-6919A67A0BC0}.Debug|Any CPU.Build.0 = Debug|Any CPU
		{27DF830D-2C8C-8531-DA49-6919A67A0BC0}.Release|Any CPU.ActiveCfg = Release|Any CPU
		{27DF830D-2C8C-8531-DA49-6919A67A0BC0}.Release|Any CPU.Build.0 = Release|Any CPU
		{8201B717-1D5B-63B2-7878-1132C95D9E40}.Debug|Any CPU.ActiveCfg = Debug|Any CPU
		{8201B717-1D5B-63B2-7878-1132C95D9E40}.Debug|Any CPU.Build.0 = Debug|Any CPU
		{8201B717-1D5B-63B2-7878-1132C95D9E40}.Release|Any CPU.ActiveCfg = Release|Any CPU
		{8201B717-1D5B-63B2-7878-1132C95D9E40}.Release|Any CPU.Build.0 = Release|Any CPU
		{2200E961-CE45-590B-4CBD-389A0BD654A3}.Debug|Any CPU.ActiveCfg = Debug|Any CPU
		{2200E961-CE45-590B-4CBD-389A0BD654A3}.Debug|Any CPU.Build.0 = Debug|Any CPU
		{2200E961-CE45-590B-4CBD-389A0BD654A3}.Release|Any CPU.ActiveCfg = Release|Any CPU
		{2200E961-CE45-590B-4CBD-389A0BD654A3}.Release|Any CPU.Build.0 = Release|Any CPU
		{7E2C115F-DF96-207F-A442-5CC17A1D4368}.Debug|Any CPU.ActiveCfg = Debug|Any CPU
		{7E2C115F-DF96-207F-A442-5CC17A1D4368}.Debug|Any CPU.Build.0 = Debug|Any CPU
		{7E2C115F-DF96-207F-A442-5CC17A1D4368}.Release|Any CPU.ActiveCfg = Release|Any CPU
		{7E2C115F-DF96-207F-A442-5CC17A1D4368}.Release|Any CPU.Build.0 = Release|Any CPU
	EndGlobalSection
	GlobalSection(SolutionProperties) = preSolution
		HideSolutionNode = FALSE
	EndGlobalSection
	GlobalSection(NestedProjects) = preSolution
		{339019B1-29D6-2577-AC80-2AE897CA0873} = {1AE8ACA6-933B-BF2A-3671-3E2EAC007D16}
		{27DF830D-2C8C-8531-DA49-6919A67A0BC0} = {339019B1-29D6-2577-AC80-2AE897CA0873}
		{8201B717-1D5B-63B2-7878-1132C95D9E40} = {1AE8ACA6-933B-BF2A-3671-3E2EAC007D16}
		{0F9113EE-888A-26D2-68B0-4A7D0A2A8745} = {1AE8ACA6-933B-BF2A-3671-3E2EAC007D16}
		{2200E961-CE45-590B-4CBD-389A0BD654A3} = {0F9113EE-888A-26D2-68B0-4A7D0A2A8745}
		{F57642F3-C37C-D174-720E-6A6AAD5BEE22} = {1AE8ACA6-933B-BF2A-3671-3E2EAC007D16}
		{7E2C115F-DF96-207F-A442-5CC17A1D4368} = {F57642F3-C37C-D174-720E-6A6AAD5BEE22}
	EndGlobalSection
	GlobalSection(ExtensibilityGlobals) = postSolution
		SolutionGuid = {5646785B-7DD0-4E50-921F-954BF4A36113}
	EndGlobalSection
EndGlobal
